
Microsoft Visual Studio Solution File, Format Version 12.00
# Visual Studio Version 16
VisualStudioVersion = 16.0.29201.188
MinimumVisualStudioVersion = 10.0.40219.1
Project("{FAE04EC0-301F-11D3-BF4B-00C04F79EFBC}") = "A1NVSnoncore", "A1NVSnoncore\A1NVSnoncore.csproj", "{C449F622-CD2F-4829-9266-8CDC98C5D367}"
EndProject
Project("{FAE04EC0-301F-11D3-BF4B-00C04F79EFBC}") = "UnitTesty", "UnitTesty\UnitTesty.csproj", "{70C464A9-B852-4B2E-9367-36D684AECCD7}"
EndProject
Global
	GlobalSection(SolutionConfigurationPlatforms) = preSolution
		Debug|Any CPU = Debug|Any CPU
		Release|Any CPU = Release|Any CPU
	EndGlobalSection
	GlobalSection(ProjectConfigurationPlatforms) = postSolution
		{C449F622-CD2F-4829-9266-8CDC98C5D367}.Debug|Any CPU.ActiveCfg = Debug|Any CPU
		{C449F622-CD2F-4829-9266-8CDC98C5D367}.Debug|Any CPU.Build.0 = Debug|Any CPU
		{C449F622-CD2F-4829-9266-8CDC98C5D367}.Release|Any CPU.ActiveCfg = Release|Any CPU
		{C449F622-CD2F-4829-9266-8CDC98C5D367}.Release|Any CPU.Build.0 = Release|Any CPU
		{70C464A9-B852-4B2E-9367-36D684AECCD7}.Debug|Any CPU.ActiveCfg = Debug|Any CPU
		{70C464A9-B852-4B2E-9367-36D684AECCD7}.Debug|Any CPU.Build.0 = Debug|Any CPU
		{70C464A9-B852-4B2E-9367-36D684AECCD7}.Release|Any CPU.ActiveCfg = Release|Any CPU
		{70C464A9-B852-4B2E-9367-36D684AECCD7}.Release|Any CPU.Build.0 = Release|Any CPU
	EndGlobalSection
	GlobalSection(SolutionProperties) = preSolution
		HideSolutionNode = FALSE
	EndGlobalSection
	GlobalSection(ExtensibilityGlobals) = postSolution
		SolutionGuid = {4D4B963D-D6BA-4494-A15E-CF6EA2F61CBB}
	EndGlobalSection
EndGlobal
