
Microsoft Visual Studio Solution File, Format Version 12.00
# Visual Studio Version 16
VisualStudioVersion = 16.0.29519.87
MinimumVisualStudioVersion = 10.0.40219.1
Project("{FAE04EC0-301F-11D3-BF4B-00C04F79EFBC}") = "A1NVS", "A1NVS\A1NVS.csproj", "{1896033D-DF93-4557-B14C-9A563C3C2AE1}"
EndProject
Global
	GlobalSection(SolutionConfigurationPlatforms) = preSolution
		Debug|Any CPU = Debug|Any CPU
		Release|Any CPU = Release|Any CPU
	EndGlobalSection
	GlobalSection(ProjectConfigurationPlatforms) = postSolution
		{1896033D-DF93-4557-B14C-9A563C3C2AE1}.Debug|Any CPU.ActiveCfg = Debug|Any CPU
		{1896033D-DF93-4557-B14C-9A563C3C2AE1}.Debug|Any CPU.Build.0 = Debug|Any CPU
		{1896033D-DF93-4557-B14C-9A563C3C2AE1}.Release|Any CPU.ActiveCfg = Release|Any CPU
		{1896033D-DF93-4557-B14C-9A563C3C2AE1}.Release|Any CPU.Build.0 = Release|Any CPU
	EndGlobalSection
	GlobalSection(SolutionProperties) = preSolution
		HideSolutionNode = FALSE
	EndGlobalSection
	GlobalSection(ExtensibilityGlobals) = postSolution
		SolutionGuid = {6827662D-2C4F-41A8-A985-79CA751E0376}
	EndGlobalSection
EndGlobal
